<?xml version="1.0" encoding="utf-8"?>
<Project ToolsVersion="4.0" xmlns="http://schemas.microsoft.com/developer/msbuild/2003">
  <ItemGroup>
    <Filter Include="Source Files">
      <UniqueIdentifier>{4FC737F1-C7A5-4376-A066-2A32D752A2FF}</UniqueIdentifier>
      <Extensions>cpp;c;cc;cxx;c++;cppm;ixx;def;odl;idl;hpj;bat;asm;asmx</Extensions>
    </Filter>
    <Filter Include="Header Files">
      <UniqueIdentifier>{93995380-89BD-4b04-88EB-625FBE52EBFB}</UniqueIdentifier>
      <Extensions>h;hh;hpp;hxx;h++;hm;inl;inc;ipp;xsd</Extensions>
    </Filter>
    <Filter Include="Resource Files">
      <UniqueIdentifier>{67DA6AB6-F800-4c08-8B7A-83BB121AAD01}</UniqueIdentifier>
      <Extensions>rc;ico;cur;bmp;dlg;rc2;rct;bin;rgs;gif;jpg;jpeg;jpe;resx;tiff;tif;png;wav;mfcribbon-ms</Extensions>
    </Filter>
  </ItemGroup>
  <ItemGroup>
    <ClInclude Include="src\headers\Camellia_Const.h">
      <Filter>Header Files</Filter>
    </ClInclude>
    <ClInclude Include="src\headers\CamelliaModule.h">
      <Filter>Header Files</Filter>
    </ClInclude>
    <ClInclude Include="src\headers\CBC.h">
      <Filter>Header Files</Filter>
    </ClInclude>
    <ClInclude Include="src\headers\cryptomath.h">
      <Filter>Header Files</Filter>
    </ClInclude>
    <ClInclude Include="src\headers\includes.h">
      <Filter>Header Files</Filter>
    </ClInclude>
    <ClInclude Include="src\headers\MISTY1_Const.h">
      <Filter>Header Files</Filter>
    </ClInclude>
    <ClInclude Include="src\headers\MISTY1Module.h">
      <Filter>Header Files</Filter>
    </ClInclude>
    <ClInclude Include="src\headers\SymAlg.h">
      <Filter>Header Files</Filter>
    </ClInclude>
    <ClInclude Include="src\headers\XTEAModule.h">
      <Filter>Header Files</Filter>
    </ClInclude>
    <ClInclude Include="src\stdafx.h">
      <Filter>Header Files</Filter>
    </ClInclude>
    <ClInclude Include="src\headers\crypto\encoding\EncodingModule.h">
      <Filter>Header Files</Filter>
    </ClInclude>
    <ClInclude Include="src\headers\crypto\encoding\Base64Encoding.h">
      <Filter>Header Files</Filter>
    </ClInclude>
    <ClInclude Include="src\headers\crypto\encoding\HexEncoding.h">
      <Filter>Header Files</Filter>
    </ClInclude>
    <ClInclude Include="src\headers\crypto\hashing\HashingModule.h">
      <Filter>Header Files</Filter>
    </ClInclude>
    <ClInclude Include="src\headers\crypto\hashing\MD5Hashing.h">
      <Filter>Header Files</Filter>
    </ClInclude>
    <ClInclude Include="src\headers\crypto\hashing\SHA256Hashing.h">
      <Filter>Header Files</Filter>
    </ClInclude>
    <ClInclude Include="src\headers\crypto\encryption\RSAEncryption.h">
      <Filter>Header Files</Filter>
    </ClInclude>
    <ClInclude Include="src\headers\crypto\encryption\AESEncryption.h">
      <Filter>Header Files</Filter>
    </ClInclude>
    <ClInclude Include="src\headers\crypto\encryption\RC4Encryption.h">
      <Filter>Header Files</Filter>
    </ClInclude>
    <ClInclude Include="src\headers\crypto\encryption\ECDHKeyExchange.h">
      <Filter>Header Files</Filter>
    </ClInclude>
    <ClInclude Include="src\headers\crypto\encryption\TDESEncryption.h">
      <Filter>Header Files</Filter>
    </ClInclude>
    <ClInclude Include="src\include\compression\CompressionModule.h">
      <Filter>Header Files</Filter>
    </ClInclude>
    <ClInclude Include="src\include\crypto\encoding\base64.h">
      <Filter>Header Files</Filter>
    </ClInclude>
    <ClInclude Include="src\include\crypto\encoding\EncodingModule.h">
      <Filter>Header Files</Filter>
    </ClInclude>
    <ClInclude Include="src\include\crypto\encoding\hex.h">
      <Filter>Header Files</Filter>
    </ClInclude>
    <ClInclude Include="src\include\crypto\encoding\url.h">
      <Filter>Header Files</Filter>
    </ClInclude>
    <ClInclude Include="src\include\crypto\encryption\asymmetric\ecdh.h">
      <Filter>Header Files</Filter>
    </ClInclude>
    <ClInclude Include="src\include\crypto\encryption\asymmetric\rsa.h">
      <Filter>Header Files</Filter>
    </ClInclude>
    <ClInclude Include="src\include\crypto\encryption\blockcipher\des_family\des.h">
      <Filter>Header Files</Filter>
    </ClInclude>
    <ClInclude Include="src\include\crypto\encryption\blockcipher\des_family\desx.h">
      <Filter>Header Files</Filter>
    </ClInclude>
    <ClInclude Include="src\include\crypto\encryption\blockcipher\des_family\tdes.h">
      <Filter>Header Files</Filter>
    </ClInclude>
    <ClInclude Include="src\include\crypto\encryption\blockcipher\rc_family\rc4.h">
      <Filter>Header Files</Filter>
    </ClInclude>
    <ClInclude Include="src\include\crypto\encryption\blockcipher\rc_family\rc5.h">
      <Filter>Header Files</Filter>
    </ClInclude>
    <ClInclude Include="src\include\crypto\encryption\blockcipher\rc_family\rc6.h">
      <Filter>Header Files</Filter>
    </ClInclude>
    <ClInclude Include="src\include\crypto\encryption\blockcipher\aes.h">
      <Filter>Header Files</Filter>
    </ClInclude>
    <ClInclude Include="src\include\crypto\encryption\blockcipher\camellia.h">
      <Filter>Header Files</Filter>
    </ClInclude>
    <ClInclude Include="src\include\crypto\encryption\blockcipher\gost.h">
      <Filter>Header Files</Filter>
    </ClInclude>
    <ClInclude Include="src\include\crypto\encryption\blockcipher\idea.h">
      <Filter>Header Files</Filter>
    </ClInclude>
    <ClInclude Include="src\include\crypto\encryption\blockcipher\misty1.h">
      <Filter>Header Files</Filter>
    </ClInclude>
    <ClInclude Include="src\include\crypto\encryption\blockcipher\twofish.h">
      <Filter>Header Files</Filter>
    </ClInclude>
    <ClInclude Include="src\include\crypto\encryption\blockcipher\xtea.h">
      <Filter>Header Files</Filter>
    </ClInclude>
    <ClInclude Include="src\include\crypto\encryption\common\cryptomath.h">
      <Filter>Header Files</Filter>
    </ClInclude>
    <ClInclude Include="src\include\crypto\encryption\common\includes.h">
      <Filter>Header Files</Filter>
    </ClInclude>
    <ClInclude Include="src\include\crypto\encryption\EncryptionModule.h">
      <Filter>Header Files</Filter>
    </ClInclude>
    <ClInclude Include="src\crypto\EncodingModule.hpp">
      <Filter>Header Files</Filter>
    </ClInclude>
  </ItemGroup>
  <ItemGroup>
    <ClCompile Include="src\main.cpp">
      <Filter>Source Files</Filter>
    </ClCompile>
    <ClCompile Include="src\stdafx.cpp">
      <Filter>Source Files</Filter>
    </ClCompile>
    <ClCompile Include="src\crypto\encryption\blockcipher\des_family\des.cpp">
      <Filter>Source Files</Filter>
    </ClCompile>
    <ClCompile Include="src\crypto\encryption\blockcipher\des_family\desx.cpp">
      <Filter>Source Files</Filter>
    </ClCompile>
    <ClCompile Include="src\crypto\encryption\blockcipher\gost.cpp">
      <Filter>Source Files</Filter>
    </ClCompile>
    <ClCompile Include="src\crypto\encryption\blockcipher\idea.cpp">
      <Filter>Source Files</Filter>
    </ClCompile>
    <ClCompile Include="src\crypto\encryption\blockcipher\misty1.cpp">
      <Filter>Source Files</Filter>
    </ClCompile>
    <ClCompile Include="src\crypto\encryption\blockcipher\twofish.cpp">
      <Filter>Source Files</Filter>
    </ClCompile>
    <ClCompile Include="src\crypto\encryption\blockcipher\aes.cpp">
      <Filter>Source Files</Filter>
    </ClCompile>
    <ClCompile Include="src\crypto\encryption\blockcipher\camellia.cpp">
      <Filter>Source Files</Filter>
    </ClCompile>
    <ClCompile Include="src\crypto\encryption\asymmetric\ecdh.cpp">
      <Filter>Source Files</Filter>
    </ClCompile>
    <ClCompile Include="src\crypto\encryption\blockcipher\rc_family\rc4.cpp">
      <Filter>Source Files</Filter>
    </ClCompile>
    <ClCompile Include="src\crypto\encryption\blockcipher\rc_family\rc6.cpp">
      <Filter>Source Files</Filter>
    </ClCompile>
    <ClCompile Include="src\crypto\encryption\asymmetric\rsa.cpp">
      <Filter>Source Files</Filter>
    </ClCompile>
    <ClCompile Include="src\crypto\encryption\blockcipher\des_family\tdes.cpp">
      <Filter>Source Files</Filter>
    </ClCompile>
    <ClCompile Include="src\crypto\encryption\blockcipher\xtea.cpp">
      <Filter>Source Files</Filter>
    </ClCompile>
    <ClCompile Include="src\include\crypto\encryption\common\includes.cpp">
      <Filter>Source Files</Filter>
    </ClCompile>
    <ClCompile Include="src\crypto\HashingModule.hpp">
      <Filter>Source Files</Filter>
    </ClCompile>
    <ClCompile Include="src\crypto\SpookyHash.hpp">
      <Filter>Source Files</Filter>
    </ClCompile>
  </ItemGroup>
  <ItemGroup>
    <None Include="packages.config" />
  </ItemGroup>
</Project>